
Microsoft Visual Studio Solution File, Format Version 12.00
# Visual Studio Version 17
VisualStudioVersion = 17.3.32929.385
MinimumVisualStudioVersion = 10.0.40219.1
Project("{FAE04EC0-301F-11D3-BF4B-00C04F79EFBC}") = "TesteGacha1", "TesteGacha1\TesteGacha1.csproj", "{6CDCFF8A-41F6-43C8-BC91-9F1014C4BEE7}"
EndProject
Global
	GlobalSection(SolutionConfigurationPlatforms) = preSolution
		Debug|Any CPU = Debug|Any CPU
		Release|Any CPU = Release|Any CPU
	EndGlobalSection
	GlobalSection(ProjectConfigurationPlatforms) = postSolution
		{6CDCFF8A-41F6-43C8-BC91-9F1014C4BEE7}.Debug|Any CPU.ActiveCfg = Debug|Any CPU
		{6CDCFF8A-41F6-43C8-BC91-9F1014C4BEE7}.Debug|Any CPU.Build.0 = Debug|Any CPU
		{6CDCFF8A-41F6-43C8-BC91-9F1014C4BEE7}.Release|Any CPU.ActiveCfg = Release|Any CPU
		{6CDCFF8A-41F6-43C8-BC91-9F1014C4BEE7}.Release|Any CPU.Build.0 = Release|Any CPU
	EndGlobalSection
	GlobalSection(SolutionProperties) = preSolution
		HideSolutionNode = FALSE
	EndGlobalSection
	GlobalSection(ExtensibilityGlobals) = postSolution
		SolutionGuid = {5F6C5E07-DA2C-4A62-B686-6F1F7EC48BB0}
	EndGlobalSection
EndGlobal
